// !$*UTF8*$!
{
	archiveVersion = 1;
	classes = {
	};
	objectVersion = 46;
	objects = {

/* Begin PBXBuildFile section */
		26EA63AC16973772005BCD46 /* UIKit.framework in Frameworks */ = {isa = PBXBuildFile; fileRef = 26EA63AB16973772005BCD46 /* UIKit.framework */; };
		26EA63AE16973772005BCD46 /* Foundation.framework in Frameworks */ = {isa = PBXBuildFile; fileRef = 26EA63AD16973772005BCD46 /* Foundation.framework */; };
		26EA63B016973772005BCD46 /* CoreGraphics.framework in Frameworks */ = {isa = PBXBuildFile; fileRef = 26EA63AF16973772005BCD46 /* CoreGraphics.framework */; };
		26EA63B616973772005BCD46 /* InfoPlist.strings in Resources */ = {isa = PBXBuildFile; fileRef = 26EA63B416973772005BCD46 /* InfoPlist.strings */; };
		26EA63B816973772005BCD46 /* main.m in Sources */ = {isa = PBXBuildFile; fileRef = 26EA63B716973772005BCD46 /* main.m */; };
		26EA63BC16973772005BCD46 /* AppDelegate.m in Sources */ = {isa = PBXBuildFile; fileRef = 26EA63BB16973772005BCD46 /* AppDelegate.m */; };
		26EA63BE16973772005BCD46 /* Default.png in Resources */ = {isa = PBXBuildFile; fileRef = 26EA63BD16973772005BCD46 /* Default.png */; };
		26EA63C016973772005BCD46 /* Default@2x.png in Resources */ = {isa = PBXBuildFile; fileRef = 26EA63BF16973772005BCD46 /* Default@2x.png */; };
		26EA63C216973772005BCD46 /* Default-568h@2x.png in Resources */ = {isa = PBXBuildFile; fileRef = 26EA63C116973772005BCD46 /* Default-568h@2x.png */; };
		26EA63C516973772005BCD46 /* MainStoryboard_iPhone.storyboard in Resources */ = {isa = PBXBuildFile; fileRef = 26EA63C316973772005BCD46 /* MainStoryboard_iPhone.storyboard */; };
		26EA63C816973772005BCD46 /* MainStoryboard_iPad.storyboard in Resources */ = {isa = PBXBuildFile; fileRef = 26EA63C616973772005BCD46 /* MainStoryboard_iPad.storyboard */; };
		26EA63CB16973772005BCD46 /* ViewController.m in Sources */ = {isa = PBXBuildFile; fileRef = 26EA63CA16973772005BCD46 /* ViewController.m */; };
		26EA63D316973772005BCD46 /* SenTestingKit.framework in Frameworks */ = {isa = PBXBuildFile; fileRef = 26EA63D216973772005BCD46 /* SenTestingKit.framework */; };
		26EA63D416973772005BCD46 /* UIKit.framework in Frameworks */ = {isa = PBXBuildFile; fileRef = 26EA63AB16973772005BCD46 /* UIKit.framework */; };
		26EA63D516973772005BCD46 /* Foundation.framework in Frameworks */ = {isa = PBXBuildFile; fileRef = 26EA63AD16973772005BCD46 /* Foundation.framework */; };
		26EA63DD16973772005BCD46 /* InfoPlist.strings in Resources */ = {isa = PBXBuildFile; fileRef = 26EA63DB16973772005BCD46 /* InfoPlist.strings */; };
		26EA63E016973772005BCD46 /* EstimateTests.m in Sources */ = {isa = PBXBuildFile; fileRef = 26EA63DF16973772005BCD46 /* EstimateTests.m */; };
/* End PBXBuildFile section */

/* Begin PBXContainerItemProxy section */
		26EA63D616973772005BCD46 /* PBXContainerItemProxy */ = {
			isa = PBXContainerItemProxy;
			containerPortal = 26EA639E16973772005BCD46 /* Project object */;
			proxyType = 1;
			remoteGlobalIDString = 26EA63A616973772005BCD46;
			remoteInfo = Estimate;
		};
/* End PBXContainerItemProxy section */

/* Begin PBXFileReference section */
		26EA63A716973772005BCD46 /* Estimate.app */ = {isa = PBXFileReference; explicitFileType = wrapper.application; includeInIndex = 0; path = Estimate.app; sourceTree = BUILT_PRODUCTS_DIR; };
		26EA63AB16973772005BCD46 /* UIKit.framework */ = {isa = PBXFileReference; lastKnownFileType = wrapper.framework; name = UIKit.framework; path = System/Library/Frameworks/UIKit.framework; sourceTree = SDKROOT; };
		26EA63AD16973772005BCD46 /* Foundation.framework */ = {isa = PBXFileReference; lastKnownFileType = wrapper.framework; name = Foundation.framework; path = System/Library/Frameworks/Foundation.framework; sourceTree = SDKROOT; };
		26EA63AF16973772005BCD46 /* CoreGraphics.framework */ = {isa = PBXFileReference; lastKnownFileType = wrapper.framework; name = CoreGraphics.framework; path = System/Library/Frameworks/CoreGraphics.framework; sourceTree = SDKROOT; };
		26EA63B316973772005BCD46 /* Estimate-Info.plist */ = {isa = PBXFileReference; lastKnownFileType = text.plist.xml; path = "Estimate-Info.plist"; sourceTree = "<group>"; };
		26EA63B516973772005BCD46 /* en */ = {isa = PBXFileReference; lastKnownFileType = text.plist.strings; name = en; path = en.lproj/InfoPlist.strings; sourceTree = "<group>"; };
		26EA63B716973772005BCD46 /* main.m */ = {isa = PBXFileReference; lastKnownFileType = sourcecode.c.objc; path = main.m; sourceTree = "<group>"; };
		26EA63B916973772005BCD46 /* Estimate-Prefix.pch */ = {isa = PBXFileReference; lastKnownFileType = sourcecode.c.h; path = "Estimate-Prefix.pch"; sourceTree = "<group>"; };
		26EA63BA16973772005BCD46 /* AppDelegate.h */ = {isa = PBXFileReference; lastKnownFileType = sourcecode.c.h; path = AppDelegate.h; sourceTree = "<group>"; };
		26EA63BB16973772005BCD46 /* AppDelegate.m */ = {isa = PBXFileReference; lastKnownFileType = sourcecode.c.objc; path = AppDelegate.m; sourceTree = "<group>"; };
		26EA63BD16973772005BCD46 /* Default.png */ = {isa = PBXFileReference; lastKnownFileType = image.png; path = Default.png; sourceTree = "<group>"; };
		26EA63BF16973772005BCD46 /* Default@2x.png */ = {isa = PBXFileReference; lastKnownFileType = image.png; path = "Default@2x.png"; sourceTree = "<group>"; };
		26EA63C116973772005BCD46 /* Default-568h@2x.png */ = {isa = PBXFileReference; lastKnownFileType = image.png; path = "Default-568h@2x.png"; sourceTree = "<group>"; };
		26EA63C416973772005BCD46 /* en */ = {isa = PBXFileReference; lastKnownFileType = file.storyboard; name = en; path = en.lproj/MainStoryboard_iPhone.storyboard; sourceTree = "<group>"; };
		26EA63C716973772005BCD46 /* en */ = {isa = PBXFileReference; lastKnownFileType = file.storyboard; name = en; path = en.lproj/MainStoryboard_iPad.storyboard; sourceTree = "<group>"; };
		26EA63C916973772005BCD46 /* ViewController.h */ = {isa = PBXFileReference; lastKnownFileType = sourcecode.c.h; path = ViewController.h; sourceTree = "<group>"; };
		26EA63CA16973772005BCD46 /* ViewController.m */ = {isa = PBXFileReference; lastKnownFileType = sourcecode.c.objc; path = ViewController.m; sourceTree = "<group>"; };
		26EA63D116973772005BCD46 /* EstimateTests.octest */ = {isa = PBXFileReference; explicitFileType = wrapper.cfbundle; includeInIndex = 0; path = EstimateTests.octest; sourceTree = BUILT_PRODUCTS_DIR; };
		26EA63D216973772005BCD46 /* SenTestingKit.framework */ = {isa = PBXFileReference; lastKnownFileType = wrapper.framework; name = SenTestingKit.framework; path = Library/Frameworks/SenTestingKit.framework; sourceTree = DEVELOPER_DIR; };
		26EA63DA16973772005BCD46 /* EstimateTests-Info.plist */ = {isa = PBXFileReference; lastKnownFileType = text.plist.xml; path = "EstimateTests-Info.plist"; sourceTree = "<group>"; };
		26EA63DC16973772005BCD46 /* en */ = {isa = PBXFileReference; lastKnownFileType = text.plist.strings; name = en; path = en.lproj/InfoPlist.strings; sourceTree = "<group>"; };
		26EA63DE16973772005BCD46 /* EstimateTests.h */ = {isa = PBXFileReference; lastKnownFileType = sourcecode.c.h; path = EstimateTests.h; sourceTree = "<group>"; };
		26EA63DF16973772005BCD46 /* EstimateTests.m */ = {isa = PBXFileReference; lastKnownFileType = sourcecode.c.objc; path = EstimateTests.m; sourceTree = "<group>"; };
/* End PBXFileReference section */

/* Begin PBXFrameworksBuildPhase section */
		26EA63A416973772005BCD46 /* Frameworks */ = {
			isa = PBXFrameworksBuildPhase;
			buildActionMask = 2147483647;
			files = (
				26EA63AC16973772005BCD46 /* UIKit.framework in Frameworks */,
				26EA63AE16973772005BCD46 /* Foundation.framework in Frameworks */,
				26EA63B016973772005BCD46 /* CoreGraphics.framework in Frameworks */,
			);
			runOnlyForDeploymentPostprocessing = 0;
		};
		26EA63CD16973772005BCD46 /* Frameworks */ = {
			isa = PBXFrameworksBuildPhase;
			buildActionMask = 2147483647;
			files = (
				26EA63D316973772005BCD46 /* SenTestingKit.framework in Frameworks */,
				26EA63D416973772005BCD46 /* UIKit.framework in Frameworks */,
				26EA63D516973772005BCD46 /* Foundation.framework in Frameworks */,
			);
			runOnlyForDeploymentPostprocessing = 0;
		};
/* End PBXFrameworksBuildPhase section */

/* Begin PBXGroup section */
		26EA639C16973772005BCD46 = {
			isa = PBXGroup;
			children = (
				26EA63B116973772005BCD46 /* Estimate */,
				26EA63D816973772005BCD46 /* EstimateTests */,
				26EA63AA16973772005BCD46 /* Frameworks */,
				26EA63A816973772005BCD46 /* Products */,
			);
			sourceTree = "<group>";
		};
		26EA63A816973772005BCD46 /* Products */ = {
			isa = PBXGroup;
			children = (
				26EA63A716973772005BCD46 /* Estimate.app */,
				26EA63D116973772005BCD46 /* EstimateTests.octest */,
			);
			name = Products;
			sourceTree = "<group>";
		};
		26EA63AA16973772005BCD46 /* Frameworks */ = {
			isa = PBXGroup;
			children = (
				26EA63AB16973772005BCD46 /* UIKit.framework */,
				26EA63AD16973772005BCD46 /* Foundation.framework */,
				26EA63AF16973772005BCD46 /* CoreGraphics.framework */,
				26EA63D216973772005BCD46 /* SenTestingKit.framework */,
			);
			name = Frameworks;
			sourceTree = "<group>";
		};
		26EA63B116973772005BCD46 /* Estimate */ = {
			isa = PBXGroup;
			children = (
				26EA63BA16973772005BCD46 /* AppDelegate.h */,
				26EA63BB16973772005BCD46 /* AppDelegate.m */,
				26EA63C316973772005BCD46 /* MainStoryboard_iPhone.storyboard */,
				26EA63C616973772005BCD46 /* MainStoryboard_iPad.storyboard */,
				26EA63C916973772005BCD46 /* ViewController.h */,
				26EA63CA16973772005BCD46 /* ViewController.m */,
				26EA63B216973772005BCD46 /* Supporting Files */,
			);
			path = Estimate;
			sourceTree = "<group>";
		};
		26EA63B216973772005BCD46 /* Supporting Files */ = {
			isa = PBXGroup;
			children = (
				26EA63B316973772005BCD46 /* Estimate-Info.plist */,
				26EA63B416973772005BCD46 /* InfoPlist.strings */,
				26EA63B716973772005BCD46 /* main.m */,
				26EA63B916973772005BCD46 /* Estimate-Prefix.pch */,
				26EA63BD16973772005BCD46 /* Default.png */,
				26EA63BF16973772005BCD46 /* Default@2x.png */,
				26EA63C116973772005BCD46 /* Default-568h@2x.png */,
			);
			name = "Supporting Files";
			sourceTree = "<group>";
		};
		26EA63D816973772005BCD46 /* EstimateTests */ = {
			isa = PBXGroup;
			children = (
				26EA63DE16973772005BCD46 /* EstimateTests.h */,
				26EA63DF16973772005BCD46 /* EstimateTests.m */,
				26EA63D916973772005BCD46 /* Supporting Files */,
			);
			path = EstimateTests;
			sourceTree = "<group>";
		};
		26EA63D916973772005BCD46 /* Supporting Files */ = {
			isa = PBXGroup;
			children = (
				26EA63DA16973772005BCD46 /* EstimateTests-Info.plist */,
				26EA63DB16973772005BCD46 /* InfoPlist.strings */,
			);
			name = "Supporting Files";
			sourceTree = "<group>";
		};
/* End PBXGroup section */

/* Begin PBXNativeTarget section */
		26EA63A616973772005BCD46 /* Estimate */ = {
			isa = PBXNativeTarget;
			buildConfigurationList = 26EA63E316973773005BCD46 /* Build configuration list for PBXNativeTarget "Estimate" */;
			buildPhases = (
				26EA63A316973772005BCD46 /* Sources */,
				26EA63A416973772005BCD46 /* Frameworks */,
				26EA63A516973772005BCD46 /* Resources */,
			);
			buildRules = (
			);
			dependencies = (
			);
			name = Estimate;
			productName = Estimate;
			productReference = 26EA63A716973772005BCD46 /* Estimate.app */;
			productType = "com.apple.product-type.application";
		};
		26EA63D016973772005BCD46 /* EstimateTests */ = {
			isa = PBXNativeTarget;
			buildConfigurationList = 26EA63E616973773005BCD46 /* Build configuration list for PBXNativeTarget "EstimateTests" */;
			buildPhases = (
				26EA63CC16973772005BCD46 /* Sources */,
				26EA63CD16973772005BCD46 /* Frameworks */,
				26EA63CE16973772005BCD46 /* Resources */,
				26EA63CF16973772005BCD46 /* ShellScript */,
			);
			buildRules = (
			);
			dependencies = (
				26EA63D716973772005BCD46 /* PBXTargetDependency */,
			);
			name = EstimateTests;
			productName = EstimateTests;
			productReference = 26EA63D116973772005BCD46 /* EstimateTests.octest */;
			productType = "com.apple.product-type.bundle";
		};
/* End PBXNativeTarget section */

/* Begin PBXProject section */
		26EA639E16973772005BCD46 /* Project object */ = {
			isa = PBXProject;
			attributes = {
				LastUpgradeCheck = 0450;
				ORGANIZATIONNAME = "Matheus Marchiore";
			};
			buildConfigurationList = 26EA63A116973772005BCD46 /* Build configuration list for PBXProject "Estimate" */;
			compatibilityVersion = "Xcode 3.2";
			developmentRegion = English;
			hasScannedForEncodings = 0;
			knownRegions = (
				en,
			);
			mainGroup = 26EA639C16973772005BCD46;
			productRefGroup = 26EA63A816973772005BCD46 /* Products */;
			projectDirPath = "";
			projectRoot = "";
			targets = (
				26EA63A616973772005BCD46 /* Estimate */,
				26EA63D016973772005BCD46 /* EstimateTests */,
			);
		};
/* End PBXProject section */

/* Begin PBXResourcesBuildPhase section */
		26EA63A516973772005BCD46 /* Resources */ = {
			isa = PBXResourcesBuildPhase;
			buildActionMask = 2147483647;
			files = (
				26EA63B616973772005BCD46 /* InfoPlist.strings in Resources */,
				26EA63BE16973772005BCD46 /* Default.png in Resources */,
				26EA63C016973772005BCD46 /* Default@2x.png in Resources */,
				26EA63C216973772005BCD46 /* Default-568h@2x.png in Resources */,
				26EA63C516973772005BCD46 /* MainStoryboard_iPhone.storyboard in Resources */,
				26EA63C816973772005BCD46 /* MainStoryboard_iPad.storyboard in Resources */,
			);
			runOnlyForDeploymentPostprocessing = 0;
		};
		26EA63CE16973772005BCD46 /* Resources */ = {
			isa = PBXResourcesBuildPhase;
			buildActionMask = 2147483647;
			files = (
				26EA63DD16973772005BCD46 /* InfoPlist.strings in Resources */,
			);
			runOnlyForDeploymentPostprocessing = 0;
		};
/* End PBXResourcesBuildPhase section */

/* Begin PBXShellScriptBuildPhase section */
		26EA63CF16973772005BCD46 /* ShellScript */ = {
			isa = PBXShellScriptBuildPhase;
			buildActionMask = 2147483647;
			files = (
			);
			inputPaths = (
			);
			outputPaths = (
			);
			runOnlyForDeploymentPostprocessing = 0;
			shellPath = /bin/sh;
			shellScript = "# Run the unit tests in this test bundle.\n\"${SYSTEM_DEVELOPER_DIR}/Tools/RunUnitTests\"\n";
		};
/* End PBXShellScriptBuildPhase section */

/* Begin PBXSourcesBuildPhase section */
		26EA63A316973772005BCD46 /* Sources */ = {
			isa = PBXSourcesBuildPhase;
			buildActionMask = 2147483647;
			files = (
				26EA63B816973772005BCD46 /* main.m in Sources */,
				26EA63BC16973772005BCD46 /* AppDelegate.m in Sources */,
				26EA63CB16973772005BCD46 /* ViewController.m in Sources */,
			);
			runOnlyForDeploymentPostprocessing = 0;
		};
		26EA63CC16973772005BCD46 /* Sources */ = {
			isa = PBXSourcesBuildPhase;
			buildActionMask = 2147483647;
			files = (
				26EA63E016973772005BCD46 /* EstimateTests.m in Sources */,
			);
			runOnlyForDeploymentPostprocessing = 0;
		};
/* End PBXSourcesBuildPhase section */

/* Begin PBXTargetDependency section */
		26EA63D716973772005BCD46 /* PBXTargetDependency */ = {
			isa = PBXTargetDependency;
			target = 26EA63A616973772005BCD46 /* Estimate */;
			targetProxy = 26EA63D616973772005BCD46 /* PBXContainerItemProxy */;
		};
/* End PBXTargetDependency section */

/* Begin PBXVariantGroup section */
		26EA63B416973772005BCD46 /* InfoPlist.strings */ = {
			isa = PBXVariantGroup;
			children = (
				26EA63B516973772005BCD46 /* en */,
			);
			name = InfoPlist.strings;
			sourceTree = "<group>";
		};
		26EA63C316973772005BCD46 /* MainStoryboard_iPhone.storyboard */ = {
			isa = PBXVariantGroup;
			children = (
				26EA63C416973772005BCD46 /* en */,
			);
			name = MainStoryboard_iPhone.storyboard;
			sourceTree = "<group>";
		};
		26EA63C616973772005BCD46 /* MainStoryboard_iPad.storyboard */ = {
			isa = PBXVariantGroup;
			children = (
				26EA63C716973772005BCD46 /* en */,
			);
			name = MainStoryboard_iPad.storyboard;
			sourceTree = "<group>";
		};
		26EA63DB16973772005BCD46 /* InfoPlist.strings */ = {
			isa = PBXVariantGroup;
			children = (
				26EA63DC16973772005BCD46 /* en */,
			);
			name = InfoPlist.strings;
			sourceTree = "<group>";
		};
/* End PBXVariantGroup section */

/* Begin XCBuildConfiguration section */
		26EA63E116973772005BCD46 /* Debug */ = {
			isa = XCBuildConfiguration;
			buildSettings = {
				ALWAYS_SEARCH_USER_PATHS = NO;
				CLANG_CXX_LANGUAGE_STANDARD = "gnu++0x";
				CLANG_CXX_LIBRARY = "libc++";
				CLANG_ENABLE_OBJC_ARC = YES;
				CLANG_WARN_EMPTY_BODY = YES;
				CLANG_WARN__DUPLICATE_METHOD_MATCH = YES;
				"CODE_SIGN_IDENTITY[sdk=iphoneos*]" = "iPhone Developer";
				COPY_PHASE_STRIP = NO;
				GCC_C_LANGUAGE_STANDARD = gnu99;
				GCC_DYNAMIC_NO_PIC = NO;
				GCC_OPTIMIZATION_LEVEL = 0;
				GCC_PREPROCESSOR_DEFINITIONS = (
					"DEBUG=1",
					"$(inherited)",
				);
				GCC_SYMBOLS_PRIVATE_EXTERN = NO;
				GCC_WARN_ABOUT_RETURN_TYPE = YES;
				GCC_WARN_UNINITIALIZED_AUTOS = YES;
				GCC_WARN_UNUSED_VARIABLE = YES;
				IPHONEOS_DEPLOYMENT_TARGET = 6.0;
				ONLY_ACTIVE_ARCH = YES;
				SDKROOT = iphoneos;
				TARGETED_DEVICE_FAMILY = "1,2";
			};
			name = Debug;
		};
		26EA63E216973772005BCD46 /* Release */ = {
			isa = XCBuildConfiguration;
			buildSettings = {
				ALWAYS_SEARCH_USER_PATHS = NO;
				CLANG_CXX_LANGUAGE_STANDARD = "gnu++0x";
				CLANG_CXX_LIBRARY = "libc++";
				CLANG_ENABLE_OBJC_ARC = YES;
				CLANG_WARN_EMPTY_BODY = YES;
				CLANG_WARN__DUPLICATE_METHOD_MATCH = YES;
				"CODE_SIGN_IDENTITY[sdk=iphoneos*]" = "iPhone Developer";
				COPY_PHASE_STRIP = YES;
				GCC_C_LANGUAGE_STANDARD = gnu99;
				GCC_WARN_ABOUT_RETURN_TYPE = YES;
				GCC_WARN_UNINITIALIZED_AUTOS = YES;
				GCC_WARN_UNUSED_VARIABLE = YES;
				IPHONEOS_DEPLOYMENT_TARGET = 6.0;
				OTHER_CFLAGS = "-DNS_BLOCK_ASSERTIONS=1";
				SDKROOT = iphoneos;
				TARGETED_DEVICE_FAMILY = "1,2";
				VALIDATE_PRODUCT = YES;
			};
			name = Release;
		};
		26EA63E416973773005BCD46 /* Debug */ = {
			isa = XCBuildConfiguration;
			buildSettings = {
				GCC_PRECOMPILE_PREFIX_HEADER = YES;
				GCC_PREFIX_HEADER = "Estimate/Estimate-Prefix.pch";
				INFOPLIST_FILE = "Estimate/Estimate-Info.plist";
				PRODUCT_NAME = "$(TARGET_NAME)";
				WRAPPER_EXTENSION = app;
			};
			name = Debug;
		};
		26EA63E516973773005BCD46 /* Release */ = {
			isa = XCBuildConfiguration;
			buildSettings = {
				GCC_PRECOMPILE_PREFIX_HEADER = YES;
				GCC_PREFIX_HEADER = "Estimate/Estimate-Prefix.pch";
				INFOPLIST_FILE = "Estimate/Estimate-Info.plist";
				PRODUCT_NAME = "$(TARGET_NAME)";
				WRAPPER_EXTENSION = app;
			};
			name = Release;
		};
		26EA63E716973773005BCD46 /* Debug */ = {
			isa = XCBuildConfiguration;
			buildSettings = {
				BUNDLE_LOADER = "$(BUILT_PRODUCTS_DIR)/Estimate.app/Estimate";
				FRAMEWORK_SEARCH_PATHS = (
					"\"$(SDKROOT)/Developer/Library/Frameworks\"",
					"\"$(DEVELOPER_LIBRARY_DIR)/Frameworks\"",
				);
				GCC_PRECOMPILE_PREFIX_HEADER = YES;
				GCC_PREFIX_HEADER = "Estimate/Estimate-Prefix.pch";
				INFOPLIST_FILE = "EstimateTests/EstimateTests-Info.plist";
				PRODUCT_NAME = "$(TARGET_NAME)";
				TEST_HOST = "$(BUNDLE_LOADER)";
				WRAPPER_EXTENSION = octest;
			};
			name = Debug;
		};
		26EA63E816973773005BCD46 /* Release */ = {
			isa = XCBuildConfiguration;
			buildSettings = {
				BUNDLE_LOADER = "$(BUILT_PRODUCTS_DIR)/Estimate.app/Estimate";
				FRAMEWORK_SEARCH_PATHS = (
					"\"$(SDKROOT)/Developer/Library/Frameworks\"",
					"\"$(DEVELOPER_LIBRARY_DIR)/Frameworks\"",
				);
				GCC_PRECOMPILE_PREFIX_HEADER = YES;
				GCC_PREFIX_HEADER = "Estimate/Estimate-Prefix.pch";
				INFOPLIST_FILE = "EstimateTests/EstimateTests-Info.plist";
				PRODUCT_NAME = "$(TARGET_NAME)";
				TEST_HOST = "$(BUNDLE_LOADER)";
				WRAPPER_EXTENSION = octest;
			};
			name = Release;
		};
/* End XCBuildConfiguration section */

/* Begin XCConfigurationList section */
		26EA63A116973772005BCD46 /* Build configuration list for PBXProject "Estimate" */ = {
			isa = XCConfigurationList;
			buildConfigurations = (
				26EA63E116973772005BCD46 /* Debug */,
				26EA63E216973772005BCD46 /* Release */,
			);
			defaultConfigurationIsVisible = 0;
			defaultConfigurationName = Release;
		};
		26EA63E316973773005BCD46 /* Build configuration list for PBXNativeTarget "Estimate" */ = {
			isa = XCConfigurationList;
			buildConfigurations = (
				26EA63E416973773005BCD46 /* Debug */,
				26EA63E516973773005BCD46 /* Release */,
			);
			defaultConfigurationIsVisible = 0;
		};
		26EA63E616973773005BCD46 /* Build configuration list for PBXNativeTarget "EstimateTests" */ = {
			isa = XCConfigurationList;
			buildConfigurations = (
				26EA63E716973773005BCD46 /* Debug */,
				26EA63E816973773005BCD46 /* Release */,
			);
			defaultConfigurationIsVisible = 0;
		};
/* End XCConfigurationList section */
	};
	rootObject = 26EA639E16973772005BCD46 /* Project object */;
}
